// !$*UTF8*$!
{
	archiveVersion = 1;
	classes = {
	};
	objectVersion = 50;
	objects = {

/* Begin PBXBuildFile section */
		A51C0EE020747189002DD254 /* AppDelegate.swift in Sources */ = {isa = PBXBuildFile; fileRef = A51C0EDF20747189002DD254 /* AppDelegate.swift */; };
		A51C0EE220747189002DD254 /* ViewController.swift in Sources */ = {isa = PBXBuildFile; fileRef = A51C0EE120747189002DD254 /* ViewController.swift */; };
		A51C0EE520747189002DD254 /* Main.storyboard in Resources */ = {isa = PBXBuildFile; fileRef = A51C0EE320747189002DD254 /* Main.storyboard */; };
		A51C0EE72074718B002DD254 /* Assets.xcassets in Resources */ = {isa = PBXBuildFile; fileRef = A51C0EE62074718B002DD254 /* Assets.xcassets */; };
		A51C0EEA2074718B002DD254 /* LaunchScreen.storyboard in Resources */ = {isa = PBXBuildFile; fileRef = A51C0EE82074718B002DD254 /* LaunchScreen.storyboard */; };
		A51C0EF2207471E0002DD254 /* Question.swift in Sources */ = {isa = PBXBuildFile; fileRef = A51C0EF1207471E0002DD254 /* Question.swift */; };
		A51C0EF42074722B002DD254 /* BankOfQuestions.swift in Sources */ = {isa = PBXBuildFile; fileRef = A51C0EF32074722B002DD254 /* BankOfQuestions.swift */; };
		A51C0EF6207473FD002DD254 /* AnswerViewController.swift in Sources */ = {isa = PBXBuildFile; fileRef = A51C0EF5207473FD002DD254 /* AnswerViewController.swift */; };
		A51C0EF820747502002DD254 /* File.strings in Resources */ = {isa = PBXBuildFile; fileRef = A51C0EF720747502002DD254 /* File.strings */; };
/* End PBXBuildFile section */

/* Begin PBXFileReference section */
		A51C0EDC20747189002DD254 /* Test Dino.app */ = {isa = PBXFileReference; explicitFileType = wrapper.application; includeInIndex = 0; path = "Test Dino.app"; sourceTree = BUILT_PRODUCTS_DIR; };
		A51C0EDF20747189002DD254 /* AppDelegate.swift */ = {isa = PBXFileReference; lastKnownFileType = sourcecode.swift; path = AppDelegate.swift; sourceTree = "<group>"; };
		A51C0EE120747189002DD254 /* ViewController.swift */ = {isa = PBXFileReference; lastKnownFileType = sourcecode.swift; path = ViewController.swift; sourceTree = "<group>"; };
		A51C0EE420747189002DD254 /* Base */ = {isa = PBXFileReference; lastKnownFileType = file.storyboard; name = Base; path = Base.lproj/Main.storyboard; sourceTree = "<group>"; };
		A51C0EE62074718B002DD254 /* Assets.xcassets */ = {isa = PBXFileReference; lastKnownFileType = folder.assetcatalog; path = Assets.xcassets; sourceTree = "<group>"; };
		A51C0EE92074718B002DD254 /* Base */ = {isa = PBXFileReference; lastKnownFileType = file.storyboard; name = Base; path = Base.lproj/LaunchScreen.storyboard; sourceTree = "<group>"; };
		A51C0EEB2074718B002DD254 /* Info.plist */ = {isa = PBXFileReference; lastKnownFileType = text.plist.xml; path = Info.plist; sourceTree = "<group>"; };
		A51C0EF1207471E0002DD254 /* Question.swift */ = {isa = PBXFileReference; lastKnownFileType = sourcecode.swift; path = Question.swift; sourceTree = "<group>"; };
		A51C0EF32074722B002DD254 /* BankOfQuestions.swift */ = {isa = PBXFileReference; lastKnownFileType = sourcecode.swift; path = BankOfQuestions.swift; sourceTree = "<group>"; };
		A51C0EF5207473FD002DD254 /* AnswerViewController.swift */ = {isa = PBXFileReference; lastKnownFileType = sourcecode.swift; path = AnswerViewController.swift; sourceTree = "<group>"; };
		A51C0EF720747502002DD254 /* File.strings */ = {isa = PBXFileReference; lastKnownFileType = text.plist.strings; path = File.strings; sourceTree = "<group>"; };
/* End PBXFileReference section */

/* Begin PBXFrameworksBuildPhase section */
		A51C0ED920747189002DD254 /* Frameworks */ = {
			isa = PBXFrameworksBuildPhase;
			buildActionMask = 2147483647;
			files = (
			);
			runOnlyForDeploymentPostprocessing = 0;
		};
/* End PBXFrameworksBuildPhase section */

/* Begin PBXGroup section */
		A51C0ED320747189002DD254 = {
			isa = PBXGroup;
			children = (
				A51C0EDE20747189002DD254 /* Test Dino */,
				A51C0EDD20747189002DD254 /* Products */,
			);
			sourceTree = "<group>";
		};
		A51C0EDD20747189002DD254 /* Products */ = {
			isa = PBXGroup;
			children = (
				A51C0EDC20747189002DD254 /* Test Dino.app */,
			);
			name = Products;
			sourceTree = "<group>";
		};
		A51C0EDE20747189002DD254 /* Test Dino */ = {
			isa = PBXGroup;
			children = (
				A51C0EDF20747189002DD254 /* AppDelegate.swift */,
				A51C0EE120747189002DD254 /* ViewController.swift */,
				A51C0EE320747189002DD254 /* Main.storyboard */,
				A51C0EE62074718B002DD254 /* Assets.xcassets */,
				A51C0EE82074718B002DD254 /* LaunchScreen.storyboard */,
				A51C0EEB2074718B002DD254 /* Info.plist */,
				A51C0EF1207471E0002DD254 /* Question.swift */,
				A51C0EF32074722B002DD254 /* BankOfQuestions.swift */,
				A51C0EF5207473FD002DD254 /* AnswerViewController.swift */,
				A51C0EF720747502002DD254 /* File.strings */,
			);
			path = "Test Dino";
			sourceTree = "<group>";
		};
/* End PBXGroup section */

/* Begin PBXNativeTarget section */
		A51C0EDB20747189002DD254 /* Test Dino */ = {
			isa = PBXNativeTarget;
			buildConfigurationList = A51C0EEE2074718B002DD254 /* Build configuration list for PBXNativeTarget "Test Dino" */;
			buildPhases = (
				A51C0ED820747189002DD254 /* Sources */,
				A51C0ED920747189002DD254 /* Frameworks */,
				A51C0EDA20747189002DD254 /* Resources */,
			);
			buildRules = (
			);
			dependencies = (
			);
			name = "Test Dino";
			productName = "Test Dino";
			productReference = A51C0EDC20747189002DD254 /* Test Dino.app */;
			productType = "com.apple.product-type.application";
		};
/* End PBXNativeTarget section */

/* Begin PBXProject section */
		A51C0ED420747189002DD254 /* Project object */ = {
			isa = PBXProject;
			attributes = {
				LastSwiftUpdateCheck = 0930;
				LastUpgradeCheck = 0930;
				ORGANIZATIONNAME = "Donald Belliveau";
				TargetAttributes = {
					A51C0EDB20747189002DD254 = {
						CreatedOnToolsVersion = 9.3;
					};
				};
			};
			buildConfigurationList = A51C0ED720747189002DD254 /* Build configuration list for PBXProject "Test Dino" */;
			compatibilityVersion = "Xcode 9.3";
			developmentRegion = en;
			hasScannedForEncodings = 0;
			knownRegions = (
				en,
				Base,
			);
			mainGroup = A51C0ED320747189002DD254;
			productRefGroup = A51C0EDD20747189002DD254 /* Products */;
			projectDirPath = "";
			projectRoot = "";
			targets = (
				A51C0EDB20747189002DD254 /* Test Dino */,
			);
		};
/* End PBXProject section */

/* Begin PBXResourcesBuildPhase section */
		A51C0EDA20747189002DD254 /* Resources */ = {
			isa = PBXResourcesBuildPhase;
			buildActionMask = 2147483647;
			files = (
				A51C0EF820747502002DD254 /* File.strings in Resources */,
				A51C0EEA2074718B002DD254 /* LaunchScreen.storyboard in Resources */,
				A51C0EE72074718B002DD254 /* Assets.xcassets in Resources */,
				A51C0EE520747189002DD254 /* Main.storyboard in Resources */,
			);
			runOnlyForDeploymentPostprocessing = 0;
		};
/* End PBXResourcesBuildPhase section */

/* Begin PBXSourcesBuildPhase section */
		A51C0ED820747189002DD254 /* Sources */ = {
			isa = PBXSourcesBuildPhase;
			buildActionMask = 2147483647;
			files = (
				A51C0EF42074722B002DD254 /* BankOfQuestions.swift in Sources */,
				A51C0EF2207471E0002DD254 /* Question.swift in Sources */,
				A51C0EF6207473FD002DD254 /* AnswerViewController.swift in Sources */,
				A51C0EE220747189002DD254 /* ViewController.swift in Sources */,
				A51C0EE020747189002DD254 /* AppDelegate.swift in Sources */,
			);
			runOnlyForDeploymentPostprocessing = 0;
		};
/* End PBXSourcesBuildPhase section */

/* Begin PBXVariantGroup section */
		A51C0EE320747189002DD254 /* Main.storyboard */ = {
			isa = PBXVariantGroup;
			children = (
				A51C0EE420747189002DD254 /* Base */,
			);
			name = Main.storyboard;
			sourceTree = "<group>";
		};
		A51C0EE82074718B002DD254 /* LaunchScreen.storyboard */ = {
			isa = PBXVariantGroup;
			children = (
				A51C0EE92074718B002DD254 /* Base */,
			);
			name = LaunchScreen.storyboard;
			sourceTree = "<group>";
		};
/* End PBXVariantGroup section */

/* Begin XCBuildConfiguration section */
		A51C0EEC2074718B002DD254 /* Debug */ = {
			isa = XCBuildConfiguration;
			buildSettings = {
				ALWAYS_SEARCH_USER_PATHS = NO;
				CLANG_ANALYZER_NONNULL = YES;
				CLANG_ANALYZER_NUMBER_OBJECT_CONVERSION = YES_AGGRESSIVE;
				CLANG_CXX_LANGUAGE_STANDARD = "gnu++14";
				CLANG_CXX_LIBRARY = "libc++";
				CLANG_ENABLE_MODULES = YES;
				CLANG_ENABLE_OBJC_ARC = YES;
				CLANG_ENABLE_OBJC_WEAK = YES;
				CLANG_WARN_BLOCK_CAPTURE_AUTORELEASING = YES;
				CLANG_WARN_BOOL_CONVERSION = YES;
				CLANG_WARN_COMMA = YES;
				CLANG_WARN_CONSTANT_CONVERSION = YES;
				CLANG_WARN_DEPRECATED_OBJC_IMPLEMENTATIONS = YES;
				CLANG_WARN_DIRECT_OBJC_ISA_USAGE = YES_ERROR;
				CLANG_WARN_DOCUMENTATION_COMMENTS = YES;
				CLANG_WARN_EMPTY_BODY = YES;
				CLANG_WARN_ENUM_CONVERSION = YES;
				CLANG_WARN_INFINITE_RECURSION = YES;
				CLANG_WARN_INT_CONVERSION = YES;
				CLANG_WARN_NON_LITERAL_NULL_CONVERSION = YES;
				CLANG_WARN_OBJC_IMPLICIT_RETAIN_SELF = YES;
				CLANG_WARN_OBJC_LITERAL_CONVERSION = YES;
				CLANG_WARN_OBJC_ROOT_CLASS = YES_ERROR;
				CLANG_WARN_RANGE_LOOP_ANALYSIS = YES;
				CLANG_WARN_STRICT_PROTOTYPES = YES;
				CLANG_WARN_SUSPICIOUS_MOVE = YES;
				CLANG_WARN_UNGUARDED_AVAILABILITY = YES_AGGRESSIVE;
				CLANG_WARN_UNREACHABLE_CODE = YES;
				CLANG_WARN__DUPLICATE_METHOD_MATCH = YES;
				CODE_SIGN_IDENTITY = "iPhone Developer";
				COPY_PHASE_STRIP = NO;
				DEBUG_INFORMATION_FORMAT = dwarf;
				ENABLE_STRICT_OBJC_MSGSEND = YES;
				ENABLE_TESTABILITY = YES;
				GCC_C_LANGUAGE_STANDARD = gnu11;
				GCC_DYNAMIC_NO_PIC = NO;
				GCC_NO_COMMON_BLOCKS = YES;
				GCC_OPTIMIZATION_LEVEL = 0;
				GCC_PREPROCESSOR_DEFINITIONS = (
					"DEBUG=1",
					"$(inherited)",
				);
				GCC_WARN_64_TO_32_BIT_CONVERSION = YES;
				GCC_WARN_ABOUT_RETURN_TYPE = YES_ERROR;
				GCC_WARN_UNDECLARED_SELECTOR = YES;
				GCC_WARN_UNINITIALIZED_AUTOS = YES_AGGRESSIVE;
				GCC_WARN_UNUSED_FUNCTION = YES;
				GCC_WARN_UNUSED_VARIABLE = YES;
				IPHONEOS_DEPLOYMENT_TARGET = 11.3;
				MTL_ENABLE_DEBUG_INFO = YES;
				ONLY_ACTIVE_ARCH = YES;
				SDKROOT = iphoneos;
				SWIFT_ACTIVE_COMPILATION_CONDITIONS = DEBUG;
				SWIFT_OPTIMIZATION_LEVEL = "-Onone";
			};
			name = Debug;
		};
		A51C0EED2074718B002DD254 /* Release */ = {
			isa = XCBuildConfiguration;
			buildSettings = {
				ALWAYS_SEARCH_USER_PATHS = NO;
				CLANG_ANALYZER_NONNULL = YES;
				CLANG_ANALYZER_NUMBER_OBJECT_CONVERSION = YES_AGGRESSIVE;
				CLANG_CXX_LANGUAGE_STANDARD = "gnu++14";
				CLANG_CXX_LIBRARY = "libc++";
				CLANG_ENABLE_MODULES = YES;
				CLANG_ENABLE_OBJC_ARC = YES;
				CLANG_ENABLE_OBJC_WEAK = YES;
				CLANG_WARN_BLOCK_CAPTURE_AUTORELEASING = YES;
				CLANG_WARN_BOOL_CONVERSION = YES;
				CLANG_WARN_COMMA = YES;
				CLANG_WARN_CONSTANT_CONVERSION = YES;
				CLANG_WARN_DEPRECATED_OBJC_IMPLEMENTATIONS = YES;
				CLANG_WARN_DIRECT_OBJC_ISA_USAGE = YES_ERROR;
				CLANG_WARN_DOCUMENTATION_COMMENTS = YES;
				CLANG_WARN_EMPTY_BODY = YES;
				CLANG_WARN_ENUM_CONVERSION = YES;
				CLANG_WARN_INFINITE_RECURSION = YES;
				CLANG_WARN_INT_CONVERSION = YES;
				CLANG_WARN_NON_LITERAL_NULL_CONVERSION = YES;
				CLANG_WARN_OBJC_IMPLICIT_RETAIN_SELF = YES;
				CLANG_WARN_OBJC_LITERAL_CONVERSION = YES;
				CLANG_WARN_OBJC_ROOT_CLASS = YES_ERROR;
				CLANG_WARN_RANGE_LOOP_ANALYSIS = YES;
				CLANG_WARN_STRICT_PROTOTYPES = YES;
				CLANG_WARN_SUSPICIOUS_MOVE = YES;
				CLANG_WARN_UNGUARDED_AVAILABILITY = YES_AGGRESSIVE;
				CLANG_WARN_UNREACHABLE_CODE = YES;
				CLANG_WARN__DUPLICATE_METHOD_MATCH = YES;
				CODE_SIGN_IDENTITY = "iPhone Developer";
				COPY_PHASE_STRIP = NO;
				DEBUG_INFORMATION_FORMAT = "dwarf-with-dsym";
				ENABLE_NS_ASSERTIONS = NO;
				ENABLE_STRICT_OBJC_MSGSEND = YES;
				GCC_C_LANGUAGE_STANDARD = gnu11;
				GCC_NO_COMMON_BLOCKS = YES;
				GCC_WARN_64_TO_32_BIT_CONVERSION = YES;
				GCC_WARN_ABOUT_RETURN_TYPE = YES_ERROR;
				GCC_WARN_UNDECLARED_SELECTOR = YES;
				GCC_WARN_UNINITIALIZED_AUTOS = YES_AGGRESSIVE;
				GCC_WARN_UNUSED_FUNCTION = YES;
				GCC_WARN_UNUSED_VARIABLE = YES;
				IPHONEOS_DEPLOYMENT_TARGET = 11.3;
				MTL_ENABLE_DEBUG_INFO = NO;
				SDKROOT = iphoneos;
				SWIFT_COMPILATION_MODE = wholemodule;
				SWIFT_OPTIMIZATION_LEVEL = "-O";
				VALIDATE_PRODUCT = YES;
			};
			name = Release;
		};
		A51C0EEF2074718B002DD254 /* Debug */ = {
			isa = XCBuildConfiguration;
			buildSettings = {
				ASSETCATALOG_COMPILER_APPICON_NAME = AppIcon;
				CODE_SIGN_STYLE = Automatic;
				DEVELOPMENT_TEAM = 8W7FS3KU9E;
				INFOPLIST_FILE = "Test Dino/Info.plist";
				LD_RUNPATH_SEARCH_PATHS = (
					"$(inherited)",
					"@executable_path/Frameworks",
				);
				PRODUCT_BUNDLE_IDENTIFIER = "com.donaldbelliveau.Test-Dino";
				PRODUCT_NAME = "$(TARGET_NAME)";
				SWIFT_VERSION = 4.0;
				TARGETED_DEVICE_FAMILY = "1,2";
			};
			name = Debug;
		};
		A51C0EF02074718B002DD254 /* Release */ = {
			isa = XCBuildConfiguration;
			buildSettings = {
				ASSETCATALOG_COMPILER_APPICON_NAME = AppIcon;
				CODE_SIGN_STYLE = Automatic;
				DEVELOPMENT_TEAM = 8W7FS3KU9E;
				INFOPLIST_FILE = "Test Dino/Info.plist";
				LD_RUNPATH_SEARCH_PATHS = (
					"$(inherited)",
					"@executable_path/Frameworks",
				);
				PRODUCT_BUNDLE_IDENTIFIER = "com.donaldbelliveau.Test-Dino";
				PRODUCT_NAME = "$(TARGET_NAME)";
				SWIFT_VERSION = 4.0;
				TARGETED_DEVICE_FAMILY = "1,2";
			};
			name = Release;
		};
/* End XCBuildConfiguration section */

/* Begin XCConfigurationList section */
		A51C0ED720747189002DD254 /* Build configuration list for PBXProject "Test Dino" */ = {
			isa = XCConfigurationList;
			buildConfigurations = (
				A51C0EEC2074718B002DD254 /* Debug */,
				A51C0EED2074718B002DD254 /* Release */,
			);
			defaultConfigurationIsVisible = 0;
			defaultConfigurationName = Release;
		};
		A51C0EEE2074718B002DD254 /* Build configuration list for PBXNativeTarget "Test Dino" */ = {
			isa = XCConfigurationList;
			buildConfigurations = (
				A51C0EEF2074718B002DD254 /* Debug */,
				A51C0EF02074718B002DD254 /* Release */,
			);
			defaultConfigurationIsVisible = 0;
			defaultConfigurationName = Release;
		};
/* End XCConfigurationList section */
	};
	rootObject = A51C0ED420747189002DD254 /* Project object */;
}
